
Microsoft Visual Studio Solution File, Format Version 12.00
# Visual Studio Version 17
VisualStudioVersion = 17.3.32825.248
MinimumVisualStudioVersion = 10.0.40219.1
Project("{FAE04EC0-301F-11D3-BF4B-00C04F79EFBC}") = "FFPT_Api", "FFPT_Api\FFPT_Api.csproj", "{4AB93053-C421-41D7-AF63-D136AEB406F2}"
EndProject
Project("{FAE04EC0-301F-11D3-BF4B-00C04F79EFBC}") = "FFPT_Data", "FFPT_Data\FFPT_Data.csproj", "{CF9EA2AB-866E-4D7A-AEED-35FAAEEB4815}"
EndProject
Project("{FAE04EC0-301F-11D3-BF4B-00C04F79EFBC}") = "FFPT_Service", "FFPT_Service\FFPT_Service.csproj", "{04B60CD4-5C39-4DC3-891C-0E30854224E5}"
EndProject
Global
	GlobalSection(SolutionConfigurationPlatforms) = preSolution
		Debug|Any CPU = Debug|Any CPU
		Release|Any CPU = Release|Any CPU
	EndGlobalSection
	GlobalSection(ProjectConfigurationPlatforms) = postSolution
		{4AB93053-C421-41D7-AF63-D136AEB406F2}.Debug|Any CPU.ActiveCfg = Debug|Any CPU
		{4AB93053-C421-41D7-AF63-D136AEB406F2}.Debug|Any CPU.Build.0 = Debug|Any CPU
		{4AB93053-C421-41D7-AF63-D136AEB406F2}.Release|Any CPU.ActiveCfg = Release|Any CPU
		{4AB93053-C421-41D7-AF63-D136AEB406F2}.Release|Any CPU.Build.0 = Release|Any CPU
		{CF9EA2AB-866E-4D7A-AEED-35FAAEEB4815}.Debug|Any CPU.ActiveCfg = Debug|Any CPU
		{CF9EA2AB-866E-4D7A-AEED-35FAAEEB4815}.Debug|Any CPU.Build.0 = Debug|Any CPU
		{CF9EA2AB-866E-4D7A-AEED-35FAAEEB4815}.Release|Any CPU.ActiveCfg = Release|Any CPU
		{CF9EA2AB-866E-4D7A-AEED-35FAAEEB4815}.Release|Any CPU.Build.0 = Release|Any CPU
		{04B60CD4-5C39-4DC3-891C-0E30854224E5}.Debug|Any CPU.ActiveCfg = Debug|Any CPU
		{04B60CD4-5C39-4DC3-891C-0E30854224E5}.Debug|Any CPU.Build.0 = Debug|Any CPU
		{04B60CD4-5C39-4DC3-891C-0E30854224E5}.Release|Any CPU.ActiveCfg = Release|Any CPU
		{04B60CD4-5C39-4DC3-891C-0E30854224E5}.Release|Any CPU.Build.0 = Release|Any CPU
	EndGlobalSection
	GlobalSection(SolutionProperties) = preSolution
		HideSolutionNode = FALSE
	EndGlobalSection
	GlobalSection(ExtensibilityGlobals) = postSolution
		SolutionGuid = {EE293304-8399-456B-8FD3-1A5F7E5A6863}
	EndGlobalSection
EndGlobal
